
Microsoft Visual Studio Solution File, Format Version 12.00
# Visual Studio 15
VisualStudioVersion = 15.0.27130.2027
MinimumVisualStudioVersion = 10.0.40219.1
Project("{FAE04EC0-301F-11D3-BF4B-00C04F79EFBC}") = "Product_from_Inventory", "Product_from_Inventory\Product_from_Inventory.csproj", "{D53F441E-EA76-4282-8BCD-ABA68387B131}"
EndProject
Global
	GlobalSection(SolutionConfigurationPlatforms) = preSolution
		Debug|Any CPU = Debug|Any CPU
		Release|Any CPU = Release|Any CPU
	EndGlobalSection
	GlobalSection(ProjectConfigurationPlatforms) = postSolution
		{D53F441E-EA76-4282-8BCD-ABA68387B131}.Debug|Any CPU.ActiveCfg = Debug|Any CPU
		{D53F441E-EA76-4282-8BCD-ABA68387B131}.Debug|Any CPU.Build.0 = Debug|Any CPU
		{D53F441E-EA76-4282-8BCD-ABA68387B131}.Release|Any CPU.ActiveCfg = Release|Any CPU
		{D53F441E-EA76-4282-8BCD-ABA68387B131}.Release|Any CPU.Build.0 = Release|Any CPU
	EndGlobalSection
	GlobalSection(SolutionProperties) = preSolution
		HideSolutionNode = FALSE
	EndGlobalSection
	GlobalSection(ExtensibilityGlobals) = postSolution
		SolutionGuid = {E973F8F1-4748-4268-AB99-F622701B0414}
	EndGlobalSection
EndGlobal
